
Microsoft Visual Studio Solution File, Format Version 12.00
Project("{2150E333-8FDC-42A3-9474-1A3956D46DE8}") = "Day01", "Day01", "{430DAE13-3250-4EDA-AE3B-CBCAB97ABEA3}"
EndProject
Project("{FAE04EC0-301F-11D3-BF4B-00C04F79EFBC}") = "SonarSweeper_Tests", "src\Day01\SonarSweeper_Tests\SonarSweeper_Tests.csproj", "{017E3A69-B01A-4A5A-817B-D286F5A4E15C}"
EndProject
Project("{FAE04EC0-301F-11D3-BF4B-00C04F79EFBC}") = "SonarSweep", "src\Day01\SonarSweep\SonarSweep.csproj", "{9083BFBE-2560-4526-A4BB-CB607B7D5FF9}"
EndProject
Project("{2150E333-8FDC-42A3-9474-1A3956D46DE8}") = "Day02", "Day02", "{7BBDEAA9-5435-4F09-9AE1-D9F7D34F4316}"
EndProject
Project("{FAE04EC0-301F-11D3-BF4B-00C04F79EFBC}") = "Dive_Tests", "src\Day02\Dive_Tests\Dive_Tests.csproj", "{FF50C117-E413-414A-8222-B4422A3A7C18}"
EndProject
Project("{FAE04EC0-301F-11D3-BF4B-00C04F79EFBC}") = "Dive", "src\Day02\Dive\Dive.csproj", "{D3DA5DBB-F3A5-46F5-BF0D-20436322345B}"
EndProject
Project("{2150E333-8FDC-42A3-9474-1A3956D46DE8}") = "Day03", "Day03", "{8786B72E-3EA2-4452-91EC-AB4D45622F09}"
EndProject
Project("{FAE04EC0-301F-11D3-BF4B-00C04F79EFBC}") = "BinaryDiagnostic", "src\Day03\BinaryDiagnostic\BinaryDiagnostic.csproj", "{62B10701-DA6B-4BBB-8E32-BA3995819CC3}"
EndProject
Project("{FAE04EC0-301F-11D3-BF4B-00C04F79EFBC}") = "BinaryDiagnostic_Tests", "src\Day03\BinaryDiagnostic_Tests\BinaryDiagnostic_Tests.csproj", "{F5991581-6632-44BF-AF58-8E9BA4BEEE10}"
EndProject
Project("{FAE04EC0-301F-11D3-BF4B-00C04F79EFBC}") = "GiantSquid", "src\Day04\GiantSquid\GiantSquid.csproj", "{326F3780-91D9-40E5-B0F6-6999A4116705}"
EndProject
Project("{FAE04EC0-301F-11D3-BF4B-00C04F79EFBC}") = "GiantSquid_Tests", "src\Day04\GiantSquid_Tests\GiantSquid_Tests.csproj", "{B223FF10-93A8-4C47-B47D-43B42F467CCB}"
EndProject
Project("{2150E333-8FDC-42A3-9474-1A3956D46DE8}") = "Day04", "Day04", "{EB980467-E7ED-49D4-B820-9AE1B3084BE1}"
EndProject
Project("{FAE04EC0-301F-11D3-BF4B-00C04F79EFBC}") = "HydrothermalVenture", "src\Day05\HydrothermalVenture\HydrothermalVenture.csproj", "{BCC49912-5FC8-43FA-ADE7-42D246C25A53}"
EndProject
Project("{2150E333-8FDC-42A3-9474-1A3956D46DE8}") = "Day05", "Day05", "{9F7B4B81-235E-4CEC-A430-3E9852AAFDD1}"
EndProject
Project("{FAE04EC0-301F-11D3-BF4B-00C04F79EFBC}") = "HydrothermalVenture_Tests", "src\Day05\HydrothermalVenture_Tests\HydrothermalVenture_Tests.csproj", "{EC0DA465-6C79-4182-BC81-43A0C8D5647F}"
EndProject
Project("{2150E333-8FDC-42A3-9474-1A3956D46DE8}") = "Day06", "Day06", "{FECFF591-3955-4729-A07B-4D4AAFA35D3C}"
EndProject
Project("{FAE04EC0-301F-11D3-BF4B-00C04F79EFBC}") = "Lanternfish", "src\Day06\Lanternfish\Lanternfish.csproj", "{3C214550-EA04-4472-A7E4-08411FF50E1D}"
EndProject
Project("{FAE04EC0-301F-11D3-BF4B-00C04F79EFBC}") = "Lanternfish_Tests", "src\Day06\Lanternfish_Tests\Lanternfish_Tests.csproj", "{738DDC5C-7956-460E-B8F3-261177CC4BD8}"
EndProject
Project("{2150E333-8FDC-42A3-9474-1A3956D46DE8}") = "Day07", "Day07", "{D2461E7A-C40A-4785-8BA9-FCFA64B83407}"
EndProject
Project("{FAE04EC0-301F-11D3-BF4B-00C04F79EFBC}") = "CrabSubs_Tests", "src\Day07\CrabSubs_Tests\CrabSubs_Tests.csproj", "{4DC54A47-3BC1-4191-A1E9-C0CA7585DE4B}"
EndProject
Project("{FAE04EC0-301F-11D3-BF4B-00C04F79EFBC}") = "CrabSubs", "src\Day07\CrabSubs\CrabSubs.csproj", "{AB5CBF2B-D131-4008-8FAA-69035E06C166}"
EndProject
Project("{2150E333-8FDC-42A3-9474-1A3956D46DE8}") = "Day08", "Day08", "{D07CC4FD-EB57-49AD-84A4-3716373D4AFA}"
EndProject
Project("{2150E333-8FDC-42A3-9474-1A3956D46DE8}") = "Day08", "Day08", "{0D5421EE-0BC8-471B-A79C-CDF1FD8D1852}"
EndProject
Project("{FAE04EC0-301F-11D3-BF4B-00C04F79EFBC}") = "SevenSegmentSearch", "src\Day08\SevenSegmentSearch\SevenSegmentSearch.csproj", "{16E55417-33D1-40A9-A681-D82318E2DC96}"
EndProject
Project("{FAE04EC0-301F-11D3-BF4B-00C04F79EFBC}") = "SevenSegmentSearch_Tests", "src\Day08\SevenSegmentSearch_Tests\SevenSegmentSearch_Tests.csproj", "{CFACE628-88E2-4199-9D6E-22D07B7DC81C}"
EndProject
Project("{FAE04EC0-301F-11D3-BF4B-00C04F79EFBC}") = "AdventOfCodeCommon", "src\AdventOfCodeCommon\AdventOfCodeCommon.csproj", "{DAAC7965-F479-4950-9734-8D214E002FEA}"
EndProject
Project("{2150E333-8FDC-42A3-9474-1A3956D46DE8}") = "Day09", "Day09", "{21FE4618-25E7-4A6D-A9A2-AB7228755CA7}"
EndProject
Project("{FAE04EC0-301F-11D3-BF4B-00C04F79EFBC}") = "SmokeBasin", "src\Day09\SmokeBasin\SmokeBasin.csproj", "{F6FBEFCF-CDAD-416E-98AA-5256AB18187F}"
EndProject
Project("{FAE04EC0-301F-11D3-BF4B-00C04F79EFBC}") = "SmokeBasin_Tests", "src\Day09\SmokeBasin_Tests\SmokeBasin_Tests.csproj", "{22EE318B-5883-4E1C-BF65-07892883F77F}"
EndProject
Project("{2150E333-8FDC-42A3-9474-1A3956D46DE8}") = "Day10", "Day10", "{EED93478-6940-4CB4-AB89-87A6807079A2}"
EndProject
Project("{FAE04EC0-301F-11D3-BF4B-00C04F79EFBC}") = "SyntaxScoring", "src\Day10\SyntaxScoring\SyntaxScoring.csproj", "{7EA9E1A8-C514-41DB-A877-1B17B743DEAD}"
EndProject
Project("{FAE04EC0-301F-11D3-BF4B-00C04F79EFBC}") = "SyntaxScoring_Tests", "src\Day10\SyntaxScoring_Tests\SyntaxScoring_Tests.csproj", "{7C1BCD80-0351-4147-936D-CE5FDA2484D0}"
EndProject
Project("{2150E333-8FDC-42A3-9474-1A3956D46DE8}") = "Day11", "Day11", "{CE955175-D400-40D1-9B6B-6E23A2C564C0}"
EndProject
Project("{FAE04EC0-301F-11D3-BF4B-00C04F79EFBC}") = "DumboOctopus", "src\Day11\DumboOctopus\DumboOctopus.csproj", "{73178C7D-2CDA-482B-8314-45FD32BE8D98}"
EndProject
Project("{FAE04EC0-301F-11D3-BF4B-00C04F79EFBC}") = "DumboOctopus_Tests", "src\Day11\DumboOctopus_Tests\DumboOctopus_Tests.csproj", "{85D28D86-4516-4C46-886A-F6F977922502}"
EndProject
Project("{2150E333-8FDC-42A3-9474-1A3956D46DE8}") = "Day12", "Day12", "{A203689C-63A7-4CB5-9FAA-8CD168AEF46C}"
EndProject
Project("{FAE04EC0-301F-11D3-BF4B-00C04F79EFBC}") = "PassagePathing_Tests", "src\Day12\PassagePathing_Tests\PassagePathing_Tests.csproj", "{5D252058-85C9-4099-9E71-21417A24BA9F}"
EndProject
Project("{FAE04EC0-301F-11D3-BF4B-00C04F79EFBC}") = "PassagePathing", "src\Day12\PassagePathing\PassagePathing.csproj", "{C9A4A238-8642-45D9-AA8B-4C4E950DE03B}"
EndProject
Project("{2150E333-8FDC-42A3-9474-1A3956D46DE8}") = "Day13", "Day13", "{82A1B16E-D045-4413-93DF-978B06918615}"
EndProject
Project("{FAE04EC0-301F-11D3-BF4B-00C04F79EFBC}") = "TransparentOrigami", "src\Day13\TransparentOrigami\TransparentOrigami.csproj", "{F04A1984-4B91-46EB-992A-81CA899FDA32}"
EndProject
Project("{FAE04EC0-301F-11D3-BF4B-00C04F79EFBC}") = "TransparentOrigami_Tests", "src\Day13\TransparentOrigami_Tests\TransparentOrigami_Tests.csproj", "{A461F9C4-A2FD-404F-8519-86927B0360AB}"
EndProject
Project("{2150E333-8FDC-42A3-9474-1A3956D46DE8}") = "Day14", "Day14", "{C76FCA53-7B70-4529-9D8B-6A862DAFA9EC}"
EndProject
Project("{FAE04EC0-301F-11D3-BF4B-00C04F79EFBC}") = "ExtendedPolymerization", "src\Day14\ExtendedPolymerization\ExtendedPolymerization.csproj", "{197F0512-D3EA-4381-9684-14CB35942102}"
EndProject
Project("{FAE04EC0-301F-11D3-BF4B-00C04F79EFBC}") = "ExtendedPolymerization_Tests", "src\Day14\ExtendedPolymerization_Tests\ExtendedPolymerization_Tests.csproj", "{E0ED690D-DB92-4E28-8095-0A279EB21BF0}"
EndProject
Project("{2150E333-8FDC-42A3-9474-1A3956D46DE8}") = "Day15", "Day15", "{49B5DF43-AC4A-4B7D-8D86-FF7D158D7A74}"
EndProject
Project("{FAE04EC0-301F-11D3-BF4B-00C04F79EFBC}") = "Chiton", "src\Day15\Chiton\Chiton.csproj", "{DDB8AE3B-2EB4-4FFE-963E-D0BB32ED4169}"
EndProject
Project("{FAE04EC0-301F-11D3-BF4B-00C04F79EFBC}") = "Chiton_Tests", "src\Day15\Chiton_Tests\Chiton_Tests.csproj", "{500952D0-B4CA-4EFF-9502-9F314630ABA3}"
EndProject
Global
	GlobalSection(SolutionConfigurationPlatforms) = preSolution
		Debug|Any CPU = Debug|Any CPU
		Release|Any CPU = Release|Any CPU
	EndGlobalSection
	GlobalSection(ProjectConfigurationPlatforms) = postSolution
		{017E3A69-B01A-4A5A-817B-D286F5A4E15C}.Debug|Any CPU.ActiveCfg = Debug|Any CPU
		{017E3A69-B01A-4A5A-817B-D286F5A4E15C}.Debug|Any CPU.Build.0 = Debug|Any CPU
		{017E3A69-B01A-4A5A-817B-D286F5A4E15C}.Release|Any CPU.ActiveCfg = Release|Any CPU
		{017E3A69-B01A-4A5A-817B-D286F5A4E15C}.Release|Any CPU.Build.0 = Release|Any CPU
		{9083BFBE-2560-4526-A4BB-CB607B7D5FF9}.Debug|Any CPU.ActiveCfg = Debug|Any CPU
		{9083BFBE-2560-4526-A4BB-CB607B7D5FF9}.Debug|Any CPU.Build.0 = Debug|Any CPU
		{9083BFBE-2560-4526-A4BB-CB607B7D5FF9}.Release|Any CPU.ActiveCfg = Release|Any CPU
		{9083BFBE-2560-4526-A4BB-CB607B7D5FF9}.Release|Any CPU.Build.0 = Release|Any CPU
		{FF50C117-E413-414A-8222-B4422A3A7C18}.Debug|Any CPU.ActiveCfg = Debug|Any CPU
		{FF50C117-E413-414A-8222-B4422A3A7C18}.Debug|Any CPU.Build.0 = Debug|Any CPU
		{FF50C117-E413-414A-8222-B4422A3A7C18}.Release|Any CPU.ActiveCfg = Release|Any CPU
		{FF50C117-E413-414A-8222-B4422A3A7C18}.Release|Any CPU.Build.0 = Release|Any CPU
		{D3DA5DBB-F3A5-46F5-BF0D-20436322345B}.Debug|Any CPU.ActiveCfg = Debug|Any CPU
		{D3DA5DBB-F3A5-46F5-BF0D-20436322345B}.Debug|Any CPU.Build.0 = Debug|Any CPU
		{D3DA5DBB-F3A5-46F5-BF0D-20436322345B}.Release|Any CPU.ActiveCfg = Release|Any CPU
		{D3DA5DBB-F3A5-46F5-BF0D-20436322345B}.Release|Any CPU.Build.0 = Release|Any CPU
		{62B10701-DA6B-4BBB-8E32-BA3995819CC3}.Debug|Any CPU.ActiveCfg = Debug|Any CPU
		{62B10701-DA6B-4BBB-8E32-BA3995819CC3}.Debug|Any CPU.Build.0 = Debug|Any CPU
		{62B10701-DA6B-4BBB-8E32-BA3995819CC3}.Release|Any CPU.ActiveCfg = Release|Any CPU
		{62B10701-DA6B-4BBB-8E32-BA3995819CC3}.Release|Any CPU.Build.0 = Release|Any CPU
		{F5991581-6632-44BF-AF58-8E9BA4BEEE10}.Debug|Any CPU.ActiveCfg = Debug|Any CPU
		{F5991581-6632-44BF-AF58-8E9BA4BEEE10}.Debug|Any CPU.Build.0 = Debug|Any CPU
		{F5991581-6632-44BF-AF58-8E9BA4BEEE10}.Release|Any CPU.ActiveCfg = Release|Any CPU
		{F5991581-6632-44BF-AF58-8E9BA4BEEE10}.Release|Any CPU.Build.0 = Release|Any CPU
		{326F3780-91D9-40E5-B0F6-6999A4116705}.Debug|Any CPU.ActiveCfg = Debug|Any CPU
		{326F3780-91D9-40E5-B0F6-6999A4116705}.Debug|Any CPU.Build.0 = Debug|Any CPU
		{326F3780-91D9-40E5-B0F6-6999A4116705}.Release|Any CPU.ActiveCfg = Release|Any CPU
		{326F3780-91D9-40E5-B0F6-6999A4116705}.Release|Any CPU.Build.0 = Release|Any CPU
		{B223FF10-93A8-4C47-B47D-43B42F467CCB}.Debug|Any CPU.ActiveCfg = Debug|Any CPU
		{B223FF10-93A8-4C47-B47D-43B42F467CCB}.Debug|Any CPU.Build.0 = Debug|Any CPU
		{B223FF10-93A8-4C47-B47D-43B42F467CCB}.Release|Any CPU.ActiveCfg = Release|Any CPU
		{B223FF10-93A8-4C47-B47D-43B42F467CCB}.Release|Any CPU.Build.0 = Release|Any CPU
		{BCC49912-5FC8-43FA-ADE7-42D246C25A53}.Debug|Any CPU.ActiveCfg = Debug|Any CPU
		{BCC49912-5FC8-43FA-ADE7-42D246C25A53}.Debug|Any CPU.Build.0 = Debug|Any CPU
		{BCC49912-5FC8-43FA-ADE7-42D246C25A53}.Release|Any CPU.ActiveCfg = Release|Any CPU
		{BCC49912-5FC8-43FA-ADE7-42D246C25A53}.Release|Any CPU.Build.0 = Release|Any CPU
		{EC0DA465-6C79-4182-BC81-43A0C8D5647F}.Debug|Any CPU.ActiveCfg = Debug|Any CPU
		{EC0DA465-6C79-4182-BC81-43A0C8D5647F}.Debug|Any CPU.Build.0 = Debug|Any CPU
		{EC0DA465-6C79-4182-BC81-43A0C8D5647F}.Release|Any CPU.ActiveCfg = Release|Any CPU
		{EC0DA465-6C79-4182-BC81-43A0C8D5647F}.Release|Any CPU.Build.0 = Release|Any CPU
		{3C214550-EA04-4472-A7E4-08411FF50E1D}.Debug|Any CPU.ActiveCfg = Debug|Any CPU
		{3C214550-EA04-4472-A7E4-08411FF50E1D}.Debug|Any CPU.Build.0 = Debug|Any CPU
		{3C214550-EA04-4472-A7E4-08411FF50E1D}.Release|Any CPU.ActiveCfg = Release|Any CPU
		{3C214550-EA04-4472-A7E4-08411FF50E1D}.Release|Any CPU.Build.0 = Release|Any CPU
		{738DDC5C-7956-460E-B8F3-261177CC4BD8}.Debug|Any CPU.ActiveCfg = Debug|Any CPU
		{738DDC5C-7956-460E-B8F3-261177CC4BD8}.Debug|Any CPU.Build.0 = Debug|Any CPU
		{738DDC5C-7956-460E-B8F3-261177CC4BD8}.Release|Any CPU.ActiveCfg = Release|Any CPU
		{738DDC5C-7956-460E-B8F3-261177CC4BD8}.Release|Any CPU.Build.0 = Release|Any CPU
		{4DC54A47-3BC1-4191-A1E9-C0CA7585DE4B}.Debug|Any CPU.ActiveCfg = Debug|Any CPU
		{4DC54A47-3BC1-4191-A1E9-C0CA7585DE4B}.Debug|Any CPU.Build.0 = Debug|Any CPU
		{4DC54A47-3BC1-4191-A1E9-C0CA7585DE4B}.Release|Any CPU.ActiveCfg = Release|Any CPU
		{4DC54A47-3BC1-4191-A1E9-C0CA7585DE4B}.Release|Any CPU.Build.0 = Release|Any CPU
		{AB5CBF2B-D131-4008-8FAA-69035E06C166}.Debug|Any CPU.ActiveCfg = Debug|Any CPU
		{AB5CBF2B-D131-4008-8FAA-69035E06C166}.Debug|Any CPU.Build.0 = Debug|Any CPU
		{AB5CBF2B-D131-4008-8FAA-69035E06C166}.Release|Any CPU.ActiveCfg = Release|Any CPU
		{AB5CBF2B-D131-4008-8FAA-69035E06C166}.Release|Any CPU.Build.0 = Release|Any CPU
		{16E55417-33D1-40A9-A681-D82318E2DC96}.Debug|Any CPU.ActiveCfg = Debug|Any CPU
		{16E55417-33D1-40A9-A681-D82318E2DC96}.Debug|Any CPU.Build.0 = Debug|Any CPU
		{16E55417-33D1-40A9-A681-D82318E2DC96}.Release|Any CPU.ActiveCfg = Release|Any CPU
		{16E55417-33D1-40A9-A681-D82318E2DC96}.Release|Any CPU.Build.0 = Release|Any CPU
		{CFACE628-88E2-4199-9D6E-22D07B7DC81C}.Debug|Any CPU.ActiveCfg = Debug|Any CPU
		{CFACE628-88E2-4199-9D6E-22D07B7DC81C}.Debug|Any CPU.Build.0 = Debug|Any CPU
		{CFACE628-88E2-4199-9D6E-22D07B7DC81C}.Release|Any CPU.ActiveCfg = Release|Any CPU
		{CFACE628-88E2-4199-9D6E-22D07B7DC81C}.Release|Any CPU.Build.0 = Release|Any CPU
		{DAAC7965-F479-4950-9734-8D214E002FEA}.Debug|Any CPU.ActiveCfg = Debug|Any CPU
		{DAAC7965-F479-4950-9734-8D214E002FEA}.Debug|Any CPU.Build.0 = Debug|Any CPU
		{DAAC7965-F479-4950-9734-8D214E002FEA}.Release|Any CPU.ActiveCfg = Release|Any CPU
		{DAAC7965-F479-4950-9734-8D214E002FEA}.Release|Any CPU.Build.0 = Release|Any CPU
		{F6FBEFCF-CDAD-416E-98AA-5256AB18187F}.Debug|Any CPU.ActiveCfg = Debug|Any CPU
		{F6FBEFCF-CDAD-416E-98AA-5256AB18187F}.Debug|Any CPU.Build.0 = Debug|Any CPU
		{F6FBEFCF-CDAD-416E-98AA-5256AB18187F}.Release|Any CPU.ActiveCfg = Release|Any CPU
		{F6FBEFCF-CDAD-416E-98AA-5256AB18187F}.Release|Any CPU.Build.0 = Release|Any CPU
		{22EE318B-5883-4E1C-BF65-07892883F77F}.Debug|Any CPU.ActiveCfg = Debug|Any CPU
		{22EE318B-5883-4E1C-BF65-07892883F77F}.Debug|Any CPU.Build.0 = Debug|Any CPU
		{22EE318B-5883-4E1C-BF65-07892883F77F}.Release|Any CPU.ActiveCfg = Release|Any CPU
		{22EE318B-5883-4E1C-BF65-07892883F77F}.Release|Any CPU.Build.0 = Release|Any CPU
		{7EA9E1A8-C514-41DB-A877-1B17B743DEAD}.Debug|Any CPU.ActiveCfg = Debug|Any CPU
		{7EA9E1A8-C514-41DB-A877-1B17B743DEAD}.Debug|Any CPU.Build.0 = Debug|Any CPU
		{7EA9E1A8-C514-41DB-A877-1B17B743DEAD}.Release|Any CPU.ActiveCfg = Release|Any CPU
		{7EA9E1A8-C514-41DB-A877-1B17B743DEAD}.Release|Any CPU.Build.0 = Release|Any CPU
		{7C1BCD80-0351-4147-936D-CE5FDA2484D0}.Debug|Any CPU.ActiveCfg = Debug|Any CPU
		{7C1BCD80-0351-4147-936D-CE5FDA2484D0}.Debug|Any CPU.Build.0 = Debug|Any CPU
		{7C1BCD80-0351-4147-936D-CE5FDA2484D0}.Release|Any CPU.ActiveCfg = Release|Any CPU
		{7C1BCD80-0351-4147-936D-CE5FDA2484D0}.Release|Any CPU.Build.0 = Release|Any CPU
		{73178C7D-2CDA-482B-8314-45FD32BE8D98}.Debug|Any CPU.ActiveCfg = Debug|Any CPU
		{73178C7D-2CDA-482B-8314-45FD32BE8D98}.Debug|Any CPU.Build.0 = Debug|Any CPU
		{73178C7D-2CDA-482B-8314-45FD32BE8D98}.Release|Any CPU.ActiveCfg = Release|Any CPU
		{73178C7D-2CDA-482B-8314-45FD32BE8D98}.Release|Any CPU.Build.0 = Release|Any CPU
		{85D28D86-4516-4C46-886A-F6F977922502}.Debug|Any CPU.ActiveCfg = Debug|Any CPU
		{85D28D86-4516-4C46-886A-F6F977922502}.Debug|Any CPU.Build.0 = Debug|Any CPU
		{85D28D86-4516-4C46-886A-F6F977922502}.Release|Any CPU.ActiveCfg = Release|Any CPU
		{85D28D86-4516-4C46-886A-F6F977922502}.Release|Any CPU.Build.0 = Release|Any CPU
		{5D252058-85C9-4099-9E71-21417A24BA9F}.Debug|Any CPU.ActiveCfg = Debug|Any CPU
		{5D252058-85C9-4099-9E71-21417A24BA9F}.Debug|Any CPU.Build.0 = Debug|Any CPU
		{5D252058-85C9-4099-9E71-21417A24BA9F}.Release|Any CPU.ActiveCfg = Release|Any CPU
		{5D252058-85C9-4099-9E71-21417A24BA9F}.Release|Any CPU.Build.0 = Release|Any CPU
		{C9A4A238-8642-45D9-AA8B-4C4E950DE03B}.Debug|Any CPU.ActiveCfg = Debug|Any CPU
		{C9A4A238-8642-45D9-AA8B-4C4E950DE03B}.Debug|Any CPU.Build.0 = Debug|Any CPU
		{C9A4A238-8642-45D9-AA8B-4C4E950DE03B}.Release|Any CPU.ActiveCfg = Release|Any CPU
		{C9A4A238-8642-45D9-AA8B-4C4E950DE03B}.Release|Any CPU.Build.0 = Release|Any CPU
		{F04A1984-4B91-46EB-992A-81CA899FDA32}.Debug|Any CPU.ActiveCfg = Debug|Any CPU
		{F04A1984-4B91-46EB-992A-81CA899FDA32}.Debug|Any CPU.Build.0 = Debug|Any CPU
		{F04A1984-4B91-46EB-992A-81CA899FDA32}.Release|Any CPU.ActiveCfg = Release|Any CPU
		{F04A1984-4B91-46EB-992A-81CA899FDA32}.Release|Any CPU.Build.0 = Release|Any CPU
		{A461F9C4-A2FD-404F-8519-86927B0360AB}.Debug|Any CPU.ActiveCfg = Debug|Any CPU
		{A461F9C4-A2FD-404F-8519-86927B0360AB}.Debug|Any CPU.Build.0 = Debug|Any CPU
		{A461F9C4-A2FD-404F-8519-86927B0360AB}.Release|Any CPU.ActiveCfg = Release|Any CPU
		{A461F9C4-A2FD-404F-8519-86927B0360AB}.Release|Any CPU.Build.0 = Release|Any CPU
		{197F0512-D3EA-4381-9684-14CB35942102}.Debug|Any CPU.ActiveCfg = Debug|Any CPU
		{197F0512-D3EA-4381-9684-14CB35942102}.Debug|Any CPU.Build.0 = Debug|Any CPU
		{197F0512-D3EA-4381-9684-14CB35942102}.Release|Any CPU.ActiveCfg = Release|Any CPU
		{197F0512-D3EA-4381-9684-14CB35942102}.Release|Any CPU.Build.0 = Release|Any CPU
		{E0ED690D-DB92-4E28-8095-0A279EB21BF0}.Debug|Any CPU.ActiveCfg = Debug|Any CPU
		{E0ED690D-DB92-4E28-8095-0A279EB21BF0}.Debug|Any CPU.Build.0 = Debug|Any CPU
		{E0ED690D-DB92-4E28-8095-0A279EB21BF0}.Release|Any CPU.ActiveCfg = Release|Any CPU
		{E0ED690D-DB92-4E28-8095-0A279EB21BF0}.Release|Any CPU.Build.0 = Release|Any CPU
		{DDB8AE3B-2EB4-4FFE-963E-D0BB32ED4169}.Debug|Any CPU.ActiveCfg = Debug|Any CPU
		{DDB8AE3B-2EB4-4FFE-963E-D0BB32ED4169}.Debug|Any CPU.Build.0 = Debug|Any CPU
		{DDB8AE3B-2EB4-4FFE-963E-D0BB32ED4169}.Release|Any CPU.ActiveCfg = Release|Any CPU
		{DDB8AE3B-2EB4-4FFE-963E-D0BB32ED4169}.Release|Any CPU.Build.0 = Release|Any CPU
		{500952D0-B4CA-4EFF-9502-9F314630ABA3}.Debug|Any CPU.ActiveCfg = Debug|Any CPU
		{500952D0-B4CA-4EFF-9502-9F314630ABA3}.Debug|Any CPU.Build.0 = Debug|Any CPU
		{500952D0-B4CA-4EFF-9502-9F314630ABA3}.Release|Any CPU.ActiveCfg = Release|Any CPU
		{500952D0-B4CA-4EFF-9502-9F314630ABA3}.Release|Any CPU.Build.0 = Release|Any CPU
	EndGlobalSection
	GlobalSection(NestedProjects) = preSolution
		{017E3A69-B01A-4A5A-817B-D286F5A4E15C} = {430DAE13-3250-4EDA-AE3B-CBCAB97ABEA3}
		{9083BFBE-2560-4526-A4BB-CB607B7D5FF9} = {430DAE13-3250-4EDA-AE3B-CBCAB97ABEA3}
		{FF50C117-E413-414A-8222-B4422A3A7C18} = {7BBDEAA9-5435-4F09-9AE1-D9F7D34F4316}
		{D3DA5DBB-F3A5-46F5-BF0D-20436322345B} = {7BBDEAA9-5435-4F09-9AE1-D9F7D34F4316}
		{62B10701-DA6B-4BBB-8E32-BA3995819CC3} = {8786B72E-3EA2-4452-91EC-AB4D45622F09}
		{F5991581-6632-44BF-AF58-8E9BA4BEEE10} = {8786B72E-3EA2-4452-91EC-AB4D45622F09}
		{326F3780-91D9-40E5-B0F6-6999A4116705} = {EB980467-E7ED-49D4-B820-9AE1B3084BE1}
		{B223FF10-93A8-4C47-B47D-43B42F467CCB} = {EB980467-E7ED-49D4-B820-9AE1B3084BE1}
		{BCC49912-5FC8-43FA-ADE7-42D246C25A53} = {9F7B4B81-235E-4CEC-A430-3E9852AAFDD1}
		{EC0DA465-6C79-4182-BC81-43A0C8D5647F} = {9F7B4B81-235E-4CEC-A430-3E9852AAFDD1}
		{3C214550-EA04-4472-A7E4-08411FF50E1D} = {FECFF591-3955-4729-A07B-4D4AAFA35D3C}
		{738DDC5C-7956-460E-B8F3-261177CC4BD8} = {FECFF591-3955-4729-A07B-4D4AAFA35D3C}
		{4DC54A47-3BC1-4191-A1E9-C0CA7585DE4B} = {D2461E7A-C40A-4785-8BA9-FCFA64B83407}
		{AB5CBF2B-D131-4008-8FAA-69035E06C166} = {D2461E7A-C40A-4785-8BA9-FCFA64B83407}
		{D07CC4FD-EB57-49AD-84A4-3716373D4AFA} = {D2461E7A-C40A-4785-8BA9-FCFA64B83407}
		{16E55417-33D1-40A9-A681-D82318E2DC96} = {0D5421EE-0BC8-471B-A79C-CDF1FD8D1852}
		{CFACE628-88E2-4199-9D6E-22D07B7DC81C} = {0D5421EE-0BC8-471B-A79C-CDF1FD8D1852}
		{F6FBEFCF-CDAD-416E-98AA-5256AB18187F} = {21FE4618-25E7-4A6D-A9A2-AB7228755CA7}
		{22EE318B-5883-4E1C-BF65-07892883F77F} = {21FE4618-25E7-4A6D-A9A2-AB7228755CA7}
		{7EA9E1A8-C514-41DB-A877-1B17B743DEAD} = {EED93478-6940-4CB4-AB89-87A6807079A2}
		{7C1BCD80-0351-4147-936D-CE5FDA2484D0} = {EED93478-6940-4CB4-AB89-87A6807079A2}
		{73178C7D-2CDA-482B-8314-45FD32BE8D98} = {CE955175-D400-40D1-9B6B-6E23A2C564C0}
		{85D28D86-4516-4C46-886A-F6F977922502} = {CE955175-D400-40D1-9B6B-6E23A2C564C0}
		{5D252058-85C9-4099-9E71-21417A24BA9F} = {A203689C-63A7-4CB5-9FAA-8CD168AEF46C}
		{C9A4A238-8642-45D9-AA8B-4C4E950DE03B} = {A203689C-63A7-4CB5-9FAA-8CD168AEF46C}
		{F04A1984-4B91-46EB-992A-81CA899FDA32} = {82A1B16E-D045-4413-93DF-978B06918615}
		{A461F9C4-A2FD-404F-8519-86927B0360AB} = {82A1B16E-D045-4413-93DF-978B06918615}
		{197F0512-D3EA-4381-9684-14CB35942102} = {C76FCA53-7B70-4529-9D8B-6A862DAFA9EC}
		{E0ED690D-DB92-4E28-8095-0A279EB21BF0} = {C76FCA53-7B70-4529-9D8B-6A862DAFA9EC}
		{DDB8AE3B-2EB4-4FFE-963E-D0BB32ED4169} = {49B5DF43-AC4A-4B7D-8D86-FF7D158D7A74}
		{500952D0-B4CA-4EFF-9502-9F314630ABA3} = {49B5DF43-AC4A-4B7D-8D86-FF7D158D7A74}
	EndGlobalSection
EndGlobal
